
Microsoft Visual Studio Solution File, Format Version 12.00
Project("{FAE04EC0-301F-11D3-BF4B-00C04F79EFBC}") = "YoDrive.API", "YoDrive.API\YoDrive.API.csproj", "{0A381C19-0518-4D6A-A540-A8DCFD6D440E}"
EndProject
Project("{FAE04EC0-301F-11D3-BF4B-00C04F79EFBC}") = "YoDrive.Domain", "YoDrive.Domain\YoDrive.Domain.csproj", "{F2F56454-0D6D-4D35-91A9-7C6DAE854AC1}"
EndProject
Project("{FAE04EC0-301F-11D3-BF4B-00C04F79EFBC}") = "YoDrive.Application", "YoDrive.Application\YoDrive.Application.csproj", "{514CFB42-5154-4ECD-A5E0-8A6B6C8A092A}"
EndProject
Project("{FAE04EC0-301F-11D3-BF4B-00C04F79EFBC}") = "YoDrive.Infrastructure", "YoDrive.Infrastructure\YoDrive.Infrastructure.csproj", "{84F4ADB4-4ACE-4F6F-B612-8025537E5D1F}"
EndProject
Global
	GlobalSection(SolutionConfigurationPlatforms) = preSolution
		Debug|Any CPU = Debug|Any CPU
		Release|Any CPU = Release|Any CPU
	EndGlobalSection
	GlobalSection(ProjectConfigurationPlatforms) = postSolution
	    {0A381C19-0518-4D6A-A540-A8DCFD6D440E}.Debug|Any CPU.ActiveCfg = Debug|Any CPU
        {0A381C19-0518-4D6A-A540-A8DCFD6D440E}.Debug|Any CPU.Build.0 = Debug|Any CPU
        {0A381C19-0518-4D6A-A540-A8DCFD6D440E}.Release|Any CPU.ActiveCfg = Release|Any CPU
        {0A381C19-0518-4D6A-A540-A8DCFD6D440E}.Release|Any CPU.Build.0 = Release|Any CPU
		{F2F56454-0D6D-4D35-91A9-7C6DAE854AC1}.Debug|Any CPU.ActiveCfg = Debug|Any CPU
		{F2F56454-0D6D-4D35-91A9-7C6DAE854AC1}.Debug|Any CPU.Build.0 = Debug|Any CPU
		{F2F56454-0D6D-4D35-91A9-7C6DAE854AC1}.Release|Any CPU.ActiveCfg = Release|Any CPU
		{F2F56454-0D6D-4D35-91A9-7C6DAE854AC1}.Release|Any CPU.Build.0 = Release|Any CPU
		{514CFB42-5154-4ECD-A5E0-8A6B6C8A092A}.Debug|Any CPU.ActiveCfg = Debug|Any CPU
		{514CFB42-5154-4ECD-A5E0-8A6B6C8A092A}.Debug|Any CPU.Build.0 = Debug|Any CPU
		{514CFB42-5154-4ECD-A5E0-8A6B6C8A092A}.Release|Any CPU.ActiveCfg = Release|Any CPU
		{514CFB42-5154-4ECD-A5E0-8A6B6C8A092A}.Release|Any CPU.Build.0 = Release|Any CPU
		{84F4ADB4-4ACE-4F6F-B612-8025537E5D1F}.Debug|Any CPU.ActiveCfg = Debug|Any CPU
		{84F4ADB4-4ACE-4F6F-B612-8025537E5D1F}.Debug|Any CPU.Build.0 = Debug|Any CPU
		{84F4ADB4-4ACE-4F6F-B612-8025537E5D1F}.Release|Any CPU.ActiveCfg = Release|Any CPU
		{84F4ADB4-4ACE-4F6F-B612-8025537E5D1F}.Release|Any CPU.Build.0 = Release|Any CPU
	EndGlobalSection
EndGlobal
